// !$*UTF8*$!
{
	archiveVersion = 1;
	classes = {
	};
	objectVersion = 46;
	objects = {

/* Begin PBXBuildFile section */
		6104E9251AE8FCC9001AA1FB /* ViewToPopUpPresentationController.m in Sources */ = {isa = PBXBuildFile; fileRef = 6104E9241AE8FCC9001AA1FB /* ViewToPopUpPresentationController.m */; };
		61E23CAF1AE6BCFA00E69A69 /* main.m in Sources */ = {isa = PBXBuildFile; fileRef = 61E23CAE1AE6BCFA00E69A69 /* main.m */; };
		61E23CB21AE6BCFA00E69A69 /* AppDelegate.m in Sources */ = {isa = PBXBuildFile; fileRef = 61E23CB11AE6BCFA00E69A69 /* AppDelegate.m */; };
		61E23CB51AE6BCFA00E69A69 /* ViewController.m in Sources */ = {isa = PBXBuildFile; fileRef = 61E23CB41AE6BCFA00E69A69 /* ViewController.m */; };
		61E23CB81AE6BCFA00E69A69 /* Main.storyboard in Resources */ = {isa = PBXBuildFile; fileRef = 61E23CB61AE6BCFA00E69A69 /* Main.storyboard */; };
		61E23CBA1AE6BCFA00E69A69 /* Images.xcassets in Resources */ = {isa = PBXBuildFile; fileRef = 61E23CB91AE6BCFA00E69A69 /* Images.xcassets */; };
		61E23CBD1AE6BCFA00E69A69 /* LaunchScreen.xib in Resources */ = {isa = PBXBuildFile; fileRef = 61E23CBB1AE6BCFA00E69A69 /* LaunchScreen.xib */; };
		61E23CC91AE6BCFA00E69A69 /* presentationController_sbTests.m in Sources */ = {isa = PBXBuildFile; fileRef = 61E23CC81AE6BCFA00E69A69 /* presentationController_sbTests.m */; };
		61E23CD41AE6CE4000E69A69 /* PopUpViewController.m in Sources */ = {isa = PBXBuildFile; fileRef = 61E23CD31AE6CE4000E69A69 /* PopUpViewController.m */; };
		61E23CDA1AE8423E00E69A69 /* ViewToPopUpTransitionDelegate.m in Sources */ = {isa = PBXBuildFile; fileRef = 61E23CD91AE8423E00E69A69 /* ViewToPopUpTransitionDelegate.m */; };
		61E23CDE1AE843D800E69A69 /* ViewToPopUpTransitionDelegate+AnimatedTransitioning.m in Sources */ = {isa = PBXBuildFile; fileRef = 61E23CDD1AE843D800E69A69 /* ViewToPopUpTransitionDelegate+AnimatedTransitioning.m */; };
/* End PBXBuildFile section */

/* Begin PBXContainerItemProxy section */
		61E23CC31AE6BCFA00E69A69 /* PBXContainerItemProxy */ = {
			isa = PBXContainerItemProxy;
			containerPortal = 61E23CA11AE6BCFA00E69A69 /* Project object */;
			proxyType = 1;
			remoteGlobalIDString = 61E23CA81AE6BCFA00E69A69;
			remoteInfo = presentationController_sb;
		};
/* End PBXContainerItemProxy section */

/* Begin PBXFileReference section */
		6104E9231AE8FCC9001AA1FB /* ViewToPopUpPresentationController.h */ = {isa = PBXFileReference; fileEncoding = 4; lastKnownFileType = sourcecode.c.h; path = ViewToPopUpPresentationController.h; sourceTree = "<group>"; };
		6104E9241AE8FCC9001AA1FB /* ViewToPopUpPresentationController.m */ = {isa = PBXFileReference; fileEncoding = 4; lastKnownFileType = sourcecode.c.objc; path = ViewToPopUpPresentationController.m; sourceTree = "<group>"; };
		61E23CA91AE6BCFA00E69A69 /* presentationController_sb.app */ = {isa = PBXFileReference; explicitFileType = wrapper.application; includeInIndex = 0; path = presentationController_sb.app; sourceTree = BUILT_PRODUCTS_DIR; };
		61E23CAD1AE6BCFA00E69A69 /* Info.plist */ = {isa = PBXFileReference; lastKnownFileType = text.plist.xml; path = Info.plist; sourceTree = "<group>"; };
		61E23CAE1AE6BCFA00E69A69 /* main.m */ = {isa = PBXFileReference; lastKnownFileType = sourcecode.c.objc; path = main.m; sourceTree = "<group>"; };
		61E23CB01AE6BCFA00E69A69 /* AppDelegate.h */ = {isa = PBXFileReference; lastKnownFileType = sourcecode.c.h; path = AppDelegate.h; sourceTree = "<group>"; };
		61E23CB11AE6BCFA00E69A69 /* AppDelegate.m */ = {isa = PBXFileReference; lastKnownFileType = sourcecode.c.objc; path = AppDelegate.m; sourceTree = "<group>"; };
		61E23CB31AE6BCFA00E69A69 /* ViewController.h */ = {isa = PBXFileReference; lastKnownFileType = sourcecode.c.h; path = ViewController.h; sourceTree = "<group>"; };
		61E23CB41AE6BCFA00E69A69 /* ViewController.m */ = {isa = PBXFileReference; lastKnownFileType = sourcecode.c.objc; path = ViewController.m; sourceTree = "<group>"; };
		61E23CB71AE6BCFA00E69A69 /* Base */ = {isa = PBXFileReference; lastKnownFileType = file.storyboard; name = Base; path = Base.lproj/Main.storyboard; sourceTree = "<group>"; };
		61E23CB91AE6BCFA00E69A69 /* Images.xcassets */ = {isa = PBXFileReference; lastKnownFileType = folder.assetcatalog; path = Images.xcassets; sourceTree = "<group>"; };
		61E23CBC1AE6BCFA00E69A69 /* Base */ = {isa = PBXFileReference; lastKnownFileType = file.xib; name = Base; path = Base.lproj/LaunchScreen.xib; sourceTree = "<group>"; };
		61E23CC21AE6BCFA00E69A69 /* presentationController_sbTests.xctest */ = {isa = PBXFileReference; explicitFileType = wrapper.cfbundle; includeInIndex = 0; path = presentationController_sbTests.xctest; sourceTree = BUILT_PRODUCTS_DIR; };
		61E23CC71AE6BCFA00E69A69 /* Info.plist */ = {isa = PBXFileReference; lastKnownFileType = text.plist.xml; path = Info.plist; sourceTree = "<group>"; };
		61E23CC81AE6BCFA00E69A69 /* presentationController_sbTests.m */ = {isa = PBXFileReference; lastKnownFileType = sourcecode.c.objc; path = presentationController_sbTests.m; sourceTree = "<group>"; };
		61E23CD21AE6CE4000E69A69 /* PopUpViewController.h */ = {isa = PBXFileReference; fileEncoding = 4; lastKnownFileType = sourcecode.c.h; path = PopUpViewController.h; sourceTree = "<group>"; };
		61E23CD31AE6CE4000E69A69 /* PopUpViewController.m */ = {isa = PBXFileReference; fileEncoding = 4; lastKnownFileType = sourcecode.c.objc; path = PopUpViewController.m; sourceTree = "<group>"; };
		61E23CD81AE8423E00E69A69 /* ViewToPopUpTransitionDelegate.h */ = {isa = PBXFileReference; fileEncoding = 4; lastKnownFileType = sourcecode.c.h; path = ViewToPopUpTransitionDelegate.h; sourceTree = "<group>"; };
		61E23CD91AE8423E00E69A69 /* ViewToPopUpTransitionDelegate.m */ = {isa = PBXFileReference; fileEncoding = 4; lastKnownFileType = sourcecode.c.objc; path = ViewToPopUpTransitionDelegate.m; sourceTree = "<group>"; };
		61E23CDC1AE843D800E69A69 /* ViewToPopUpTransitionDelegate+AnimatedTransitioning.h */ = {isa = PBXFileReference; fileEncoding = 4; lastKnownFileType = sourcecode.c.h; path = "ViewToPopUpTransitionDelegate+AnimatedTransitioning.h"; sourceTree = "<group>"; };
		61E23CDD1AE843D800E69A69 /* ViewToPopUpTransitionDelegate+AnimatedTransitioning.m */ = {isa = PBXFileReference; fileEncoding = 4; lastKnownFileType = sourcecode.c.objc; path = "ViewToPopUpTransitionDelegate+AnimatedTransitioning.m"; sourceTree = "<group>"; };
/* End PBXFileReference section */

/* Begin PBXFrameworksBuildPhase section */
		61E23CA61AE6BCFA00E69A69 /* Frameworks */ = {
			isa = PBXFrameworksBuildPhase;
			buildActionMask = 2147483647;
			files = (
			);
			runOnlyForDeploymentPostprocessing = 0;
		};
		61E23CBF1AE6BCFA00E69A69 /* Frameworks */ = {
			isa = PBXFrameworksBuildPhase;
			buildActionMask = 2147483647;
			files = (
			);
			runOnlyForDeploymentPostprocessing = 0;
		};
/* End PBXFrameworksBuildPhase section */

/* Begin PBXGroup section */
		61E23CA01AE6BCFA00E69A69 = {
			isa = PBXGroup;
			children = (
				61E23CAB1AE6BCFA00E69A69 /* presentationController_sb */,
				61E23CC51AE6BCFA00E69A69 /* presentationController_sbTests */,
				61E23CAA1AE6BCFA00E69A69 /* Products */,
			);
			sourceTree = "<group>";
		};
		61E23CAA1AE6BCFA00E69A69 /* Products */ = {
			isa = PBXGroup;
			children = (
				61E23CA91AE6BCFA00E69A69 /* presentationController_sb.app */,
				61E23CC21AE6BCFA00E69A69 /* presentationController_sbTests.xctest */,
			);
			name = Products;
			sourceTree = "<group>";
		};
		61E23CAB1AE6BCFA00E69A69 /* presentationController_sb */ = {
			isa = PBXGroup;
			children = (
				61E23CDB1AE8439700E69A69 /* ViewToPopUpTransitioningDelegate */,
				61E23CB01AE6BCFA00E69A69 /* AppDelegate.h */,
				61E23CB11AE6BCFA00E69A69 /* AppDelegate.m */,
				61E23CB31AE6BCFA00E69A69 /* ViewController.h */,
				61E23CB41AE6BCFA00E69A69 /* ViewController.m */,
				61E23CD21AE6CE4000E69A69 /* PopUpViewController.h */,
				61E23CD31AE6CE4000E69A69 /* PopUpViewController.m */,
				61E23CB61AE6BCFA00E69A69 /* Main.storyboard */,
				61E23CB91AE6BCFA00E69A69 /* Images.xcassets */,
				61E23CBB1AE6BCFA00E69A69 /* LaunchScreen.xib */,
				61E23CAC1AE6BCFA00E69A69 /* Supporting Files */,
			);
			path = presentationController_sb;
			sourceTree = "<group>";
		};
		61E23CAC1AE6BCFA00E69A69 /* Supporting Files */ = {
			isa = PBXGroup;
			children = (
				61E23CAD1AE6BCFA00E69A69 /* Info.plist */,
				61E23CAE1AE6BCFA00E69A69 /* main.m */,
			);
			name = "Supporting Files";
			sourceTree = "<group>";
		};
		61E23CC51AE6BCFA00E69A69 /* presentationController_sbTests */ = {
			isa = PBXGroup;
			children = (
				61E23CC81AE6BCFA00E69A69 /* presentationController_sbTests.m */,
				61E23CC61AE6BCFA00E69A69 /* Supporting Files */,
			);
			path = presentationController_sbTests;
			sourceTree = "<group>";
		};
		61E23CC61AE6BCFA00E69A69 /* Supporting Files */ = {
			isa = PBXGroup;
			children = (
				61E23CC71AE6BCFA00E69A69 /* Info.plist */,
			);
			name = "Supporting Files";
			sourceTree = "<group>";
		};
		61E23CDB1AE8439700E69A69 /* ViewToPopUpTransitioningDelegate */ = {
			isa = PBXGroup;
			children = (
				61E23CD81AE8423E00E69A69 /* ViewToPopUpTransitionDelegate.h */,
				61E23CD91AE8423E00E69A69 /* ViewToPopUpTransitionDelegate.m */,
				61E23CDC1AE843D800E69A69 /* ViewToPopUpTransitionDelegate+AnimatedTransitioning.h */,
				61E23CDD1AE843D800E69A69 /* ViewToPopUpTransitionDelegate+AnimatedTransitioning.m */,
				6104E9231AE8FCC9001AA1FB /* ViewToPopUpPresentationController.h */,
				6104E9241AE8FCC9001AA1FB /* ViewToPopUpPresentationController.m */,
			);
			name = ViewToPopUpTransitioningDelegate;
			sourceTree = "<group>";
		};
/* End PBXGroup section */

/* Begin PBXNativeTarget section */
		61E23CA81AE6BCFA00E69A69 /* presentationController_sb */ = {
			isa = PBXNativeTarget;
			buildConfigurationList = 61E23CCC1AE6BCFA00E69A69 /* Build configuration list for PBXNativeTarget "presentationController_sb" */;
			buildPhases = (
				61E23CA51AE6BCFA00E69A69 /* Sources */,
				61E23CA61AE6BCFA00E69A69 /* Frameworks */,
				61E23CA71AE6BCFA00E69A69 /* Resources */,
			);
			buildRules = (
			);
			dependencies = (
			);
			name = presentationController_sb;
			productName = presentationController_sb;
			productReference = 61E23CA91AE6BCFA00E69A69 /* presentationController_sb.app */;
			productType = "com.apple.product-type.application";
		};
		61E23CC11AE6BCFA00E69A69 /* presentationController_sbTests */ = {
			isa = PBXNativeTarget;
			buildConfigurationList = 61E23CCF1AE6BCFA00E69A69 /* Build configuration list for PBXNativeTarget "presentationController_sbTests" */;
			buildPhases = (
				61E23CBE1AE6BCFA00E69A69 /* Sources */,
				61E23CBF1AE6BCFA00E69A69 /* Frameworks */,
				61E23CC01AE6BCFA00E69A69 /* Resources */,
			);
			buildRules = (
			);
			dependencies = (
				61E23CC41AE6BCFA00E69A69 /* PBXTargetDependency */,
			);
			name = presentationController_sbTests;
			productName = presentationController_sbTests;
			productReference = 61E23CC21AE6BCFA00E69A69 /* presentationController_sbTests.xctest */;
			productType = "com.apple.product-type.bundle.unit-test";
		};
/* End PBXNativeTarget section */

/* Begin PBXProject section */
		61E23CA11AE6BCFA00E69A69 /* Project object */ = {
			isa = PBXProject;
			attributes = {
				LastUpgradeCheck = 0630;
				ORGANIZATIONNAME = "Daybreak Research";
				TargetAttributes = {
					61E23CA81AE6BCFA00E69A69 = {
						CreatedOnToolsVersion = 6.3;
					};
					61E23CC11AE6BCFA00E69A69 = {
						CreatedOnToolsVersion = 6.3;
						TestTargetID = 61E23CA81AE6BCFA00E69A69;
					};
				};
			};
			buildConfigurationList = 61E23CA41AE6BCFA00E69A69 /* Build configuration list for PBXProject "presentationController_sb" */;
			compatibilityVersion = "Xcode 3.2";
			developmentRegion = English;
			hasScannedForEncodings = 0;
			knownRegions = (
				en,
				Base,
			);
			mainGroup = 61E23CA01AE6BCFA00E69A69;
			productRefGroup = 61E23CAA1AE6BCFA00E69A69 /* Products */;
			projectDirPath = "";
			projectRoot = "";
			targets = (
				61E23CA81AE6BCFA00E69A69 /* presentationController_sb */,
				61E23CC11AE6BCFA00E69A69 /* presentationController_sbTests */,
			);
		};
/* End PBXProject section */

/* Begin PBXResourcesBuildPhase section */
		61E23CA71AE6BCFA00E69A69 /* Resources */ = {
			isa = PBXResourcesBuildPhase;
			buildActionMask = 2147483647;
			files = (
				61E23CB81AE6BCFA00E69A69 /* Main.storyboard in Resources */,
				61E23CBD1AE6BCFA00E69A69 /* LaunchScreen.xib in Resources */,
				61E23CBA1AE6BCFA00E69A69 /* Images.xcassets in Resources */,
			);
			runOnlyForDeploymentPostprocessing = 0;
		};
		61E23CC01AE6BCFA00E69A69 /* Resources */ = {
			isa = PBXResourcesBuildPhase;
			buildActionMask = 2147483647;
			files = (
			);
			runOnlyForDeploymentPostprocessing = 0;
		};
/* End PBXResourcesBuildPhase section */

/* Begin PBXSourcesBuildPhase section */
		61E23CA51AE6BCFA00E69A69 /* Sources */ = {
			isa = PBXSourcesBuildPhase;
			buildActionMask = 2147483647;
			files = (
				6104E9251AE8FCC9001AA1FB /* ViewToPopUpPresentationController.m in Sources */,
				61E23CDA1AE8423E00E69A69 /* ViewToPopUpTransitionDelegate.m in Sources */,
				61E23CDE1AE843D800E69A69 /* ViewToPopUpTransitionDelegate+AnimatedTransitioning.m in Sources */,
				61E23CB51AE6BCFA00E69A69 /* ViewController.m in Sources */,
				61E23CB21AE6BCFA00E69A69 /* AppDelegate.m in Sources */,
				61E23CAF1AE6BCFA00E69A69 /* main.m in Sources */,
				61E23CD41AE6CE4000E69A69 /* PopUpViewController.m in Sources */,
			);
			runOnlyForDeploymentPostprocessing = 0;
		};
		61E23CBE1AE6BCFA00E69A69 /* Sources */ = {
			isa = PBXSourcesBuildPhase;
			buildActionMask = 2147483647;
			files = (
				61E23CC91AE6BCFA00E69A69 /* presentationController_sbTests.m in Sources */,
			);
			runOnlyForDeploymentPostprocessing = 0;
		};
/* End PBXSourcesBuildPhase section */

/* Begin PBXTargetDependency section */
		61E23CC41AE6BCFA00E69A69 /* PBXTargetDependency */ = {
			isa = PBXTargetDependency;
			target = 61E23CA81AE6BCFA00E69A69 /* presentationController_sb */;
			targetProxy = 61E23CC31AE6BCFA00E69A69 /* PBXContainerItemProxy */;
		};
/* End PBXTargetDependency section */

/* Begin PBXVariantGroup section */
		61E23CB61AE6BCFA00E69A69 /* Main.storyboard */ = {
			isa = PBXVariantGroup;
			children = (
				61E23CB71AE6BCFA00E69A69 /* Base */,
			);
			name = Main.storyboard;
			sourceTree = "<group>";
		};
		61E23CBB1AE6BCFA00E69A69 /* LaunchScreen.xib */ = {
			isa = PBXVariantGroup;
			children = (
				61E23CBC1AE6BCFA00E69A69 /* Base */,
			);
			name = LaunchScreen.xib;
			sourceTree = "<group>";
		};
/* End PBXVariantGroup section */

/* Begin XCBuildConfiguration section */
		61E23CCA1AE6BCFA00E69A69 /* Debug */ = {
			isa = XCBuildConfiguration;
			buildSettings = {
				ALWAYS_SEARCH_USER_PATHS = NO;
				CLANG_CXX_LANGUAGE_STANDARD = "gnu++0x";
				CLANG_CXX_LIBRARY = "libc++";
				CLANG_ENABLE_MODULES = YES;
				CLANG_ENABLE_OBJC_ARC = YES;
				CLANG_WARN_BOOL_CONVERSION = YES;
				CLANG_WARN_CONSTANT_CONVERSION = YES;
				CLANG_WARN_DIRECT_OBJC_ISA_USAGE = YES_ERROR;
				CLANG_WARN_EMPTY_BODY = YES;
				CLANG_WARN_ENUM_CONVERSION = YES;
				CLANG_WARN_INT_CONVERSION = YES;
				CLANG_WARN_OBJC_ROOT_CLASS = YES_ERROR;
				CLANG_WARN_UNREACHABLE_CODE = YES;
				CLANG_WARN__DUPLICATE_METHOD_MATCH = YES;
				"CODE_SIGN_IDENTITY[sdk=iphoneos*]" = "iPhone Developer";
				COPY_PHASE_STRIP = NO;
				DEBUG_INFORMATION_FORMAT = "dwarf-with-dsym";
				ENABLE_STRICT_OBJC_MSGSEND = YES;
				GCC_C_LANGUAGE_STANDARD = gnu99;
				GCC_DYNAMIC_NO_PIC = NO;
				GCC_NO_COMMON_BLOCKS = YES;
				GCC_OPTIMIZATION_LEVEL = 0;
				GCC_PREPROCESSOR_DEFINITIONS = (
					"DEBUG=1",
					"$(inherited)",
				);
				GCC_SYMBOLS_PRIVATE_EXTERN = NO;
				GCC_WARN_64_TO_32_BIT_CONVERSION = YES;
				GCC_WARN_ABOUT_RETURN_TYPE = YES_ERROR;
				GCC_WARN_UNDECLARED_SELECTOR = YES;
				GCC_WARN_UNINITIALIZED_AUTOS = YES_AGGRESSIVE;
				GCC_WARN_UNUSED_FUNCTION = YES;
				GCC_WARN_UNUSED_VARIABLE = YES;
				IPHONEOS_DEPLOYMENT_TARGET = 8.3;
				MTL_ENABLE_DEBUG_INFO = YES;
				ONLY_ACTIVE_ARCH = YES;
				SDKROOT = iphoneos;
				TARGETED_DEVICE_FAMILY = "1,2";
			};
			name = Debug;
		};
		61E23CCB1AE6BCFA00E69A69 /* Release */ = {
			isa = XCBuildConfiguration;
			buildSettings = {
				ALWAYS_SEARCH_USER_PATHS = NO;
				CLANG_CXX_LANGUAGE_STANDARD = "gnu++0x";
				CLANG_CXX_LIBRARY = "libc++";
				CLANG_ENABLE_MODULES = YES;
				CLANG_ENABLE_OBJC_ARC = YES;
				CLANG_WARN_BOOL_CONVERSION = YES;
				CLANG_WARN_CONSTANT_CONVERSION = YES;
				CLANG_WARN_DIRECT_OBJC_ISA_USAGE = YES_ERROR;
				CLANG_WARN_EMPTY_BODY = YES;
				CLANG_WARN_ENUM_CONVERSION = YES;
				CLANG_WARN_INT_CONVERSION = YES;
				CLANG_WARN_OBJC_ROOT_CLASS = YES_ERROR;
				CLANG_WARN_UNREACHABLE_CODE = YES;
				CLANG_WARN__DUPLICATE_METHOD_MATCH = YES;
				"CODE_SIGN_IDENTITY[sdk=iphoneos*]" = "iPhone Developer";
				COPY_PHASE_STRIP = NO;
				DEBUG_INFORMATION_FORMAT = "dwarf-with-dsym";
				ENABLE_NS_ASSERTIONS = NO;
				ENABLE_STRICT_OBJC_MSGSEND = YES;
				GCC_C_LANGUAGE_STANDARD = gnu99;
				GCC_NO_COMMON_BLOCKS = YES;
				GCC_WARN_64_TO_32_BIT_CONVERSION = YES;
				GCC_WARN_ABOUT_RETURN_TYPE = YES_ERROR;
				GCC_WARN_UNDECLARED_SELECTOR = YES;
				GCC_WARN_UNINITIALIZED_AUTOS = YES_AGGRESSIVE;
				GCC_WARN_UNUSED_FUNCTION = YES;
				GCC_WARN_UNUSED_VARIABLE = YES;
				IPHONEOS_DEPLOYMENT_TARGET = 8.3;
				MTL_ENABLE_DEBUG_INFO = NO;
				SDKROOT = iphoneos;
				TARGETED_DEVICE_FAMILY = "1,2";
				VALIDATE_PRODUCT = YES;
			};
			name = Release;
		};
		61E23CCD1AE6BCFA00E69A69 /* Debug */ = {
			isa = XCBuildConfiguration;
			buildSettings = {
				ASSETCATALOG_COMPILER_APPICON_NAME = AppIcon;
				INFOPLIST_FILE = presentationController_sb/Info.plist;
				LD_RUNPATH_SEARCH_PATHS = "$(inherited) @executable_path/Frameworks";
				PRODUCT_NAME = "$(TARGET_NAME)";
			};
			name = Debug;
		};
		61E23CCE1AE6BCFA00E69A69 /* Release */ = {
			isa = XCBuildConfiguration;
			buildSettings = {
				ASSETCATALOG_COMPILER_APPICON_NAME = AppIcon;
				INFOPLIST_FILE = presentationController_sb/Info.plist;
				LD_RUNPATH_SEARCH_PATHS = "$(inherited) @executable_path/Frameworks";
				PRODUCT_NAME = "$(TARGET_NAME)";
			};
			name = Release;
		};
		61E23CD01AE6BCFA00E69A69 /* Debug */ = {
			isa = XCBuildConfiguration;
			buildSettings = {
				BUNDLE_LOADER = "$(TEST_HOST)";
				FRAMEWORK_SEARCH_PATHS = (
					"$(SDKROOT)/Developer/Library/Frameworks",
					"$(inherited)",
				);
				GCC_PREPROCESSOR_DEFINITIONS = (
					"DEBUG=1",
					"$(inherited)",
				);
				INFOPLIST_FILE = presentationController_sbTests/Info.plist;
				LD_RUNPATH_SEARCH_PATHS = "$(inherited) @executable_path/Frameworks @loader_path/Frameworks";
				PRODUCT_NAME = "$(TARGET_NAME)";
				TEST_HOST = "$(BUILT_PRODUCTS_DIR)/presentationController_sb.app/presentationController_sb";
			};
			name = Debug;
		};
		61E23CD11AE6BCFA00E69A69 /* Release */ = {
			isa = XCBuildConfiguration;
			buildSettings = {
				BUNDLE_LOADER = "$(TEST_HOST)";
				FRAMEWORK_SEARCH_PATHS = (
					"$(SDKROOT)/Developer/Library/Frameworks",
					"$(inherited)",
				);
				INFOPLIST_FILE = presentationController_sbTests/Info.plist;
				LD_RUNPATH_SEARCH_PATHS = "$(inherited) @executable_path/Frameworks @loader_path/Frameworks";
				PRODUCT_NAME = "$(TARGET_NAME)";
				TEST_HOST = "$(BUILT_PRODUCTS_DIR)/presentationController_sb.app/presentationController_sb";
			};
			name = Release;
		};
/* End XCBuildConfiguration section */

/* Begin XCConfigurationList section */
		61E23CA41AE6BCFA00E69A69 /* Build configuration list for PBXProject "presentationController_sb" */ = {
			isa = XCConfigurationList;
			buildConfigurations = (
				61E23CCA1AE6BCFA00E69A69 /* Debug */,
				61E23CCB1AE6BCFA00E69A69 /* Release */,
			);
			defaultConfigurationIsVisible = 0;
			defaultConfigurationName = Release;
		};
		61E23CCC1AE6BCFA00E69A69 /* Build configuration list for PBXNativeTarget "presentationController_sb" */ = {
			isa = XCConfigurationList;
			buildConfigurations = (
				61E23CCD1AE6BCFA00E69A69 /* Debug */,
				61E23CCE1AE6BCFA00E69A69 /* Release */,
			);
			defaultConfigurationIsVisible = 0;
			defaultConfigurationName = Release;
		};
		61E23CCF1AE6BCFA00E69A69 /* Build configuration list for PBXNativeTarget "presentationController_sbTests" */ = {
			isa = XCConfigurationList;
			buildConfigurations = (
				61E23CD01AE6BCFA00E69A69 /* Debug */,
				61E23CD11AE6BCFA00E69A69 /* Release */,
			);
			defaultConfigurationIsVisible = 0;
			defaultConfigurationName = Release;
		};
/* End XCConfigurationList section */
	};
	rootObject = 61E23CA11AE6BCFA00E69A69 /* Project object */;
}
